
Microsoft Visual Studio Solution File, Format Version 12.00
# Visual Studio 15
VisualStudioVersion = 15.0.26124.0
MinimumVisualStudioVersion = 15.0.26124.0
Project("{F2A71F9B-5D33-465A-A702-920D77279786}") = "Explain", "Explain\Explain.fsproj", "{20728B16-5052-47FA-BDAD-99F36FC463E5}"
EndProject
Project("{F2A71F9B-5D33-465A-A702-920D77279786}") = "ExplainTests", "ExplainTests\ExplainTests.fsproj", "{C43E281B-E676-49C4-92B8-0DCCE3CD14D5}"
EndProject
Global
	GlobalSection(SolutionConfigurationPlatforms) = preSolution
		Debug|Any CPU = Debug|Any CPU
		Debug|x64 = Debug|x64
		Debug|x86 = Debug|x86
		Release|Any CPU = Release|Any CPU
		Release|x64 = Release|x64
		Release|x86 = Release|x86
	EndGlobalSection
	GlobalSection(SolutionProperties) = preSolution
		HideSolutionNode = FALSE
	EndGlobalSection
	GlobalSection(ProjectConfigurationPlatforms) = postSolution
		{20728B16-5052-47FA-BDAD-99F36FC463E5}.Debug|Any CPU.ActiveCfg = Debug|Any CPU
		{20728B16-5052-47FA-BDAD-99F36FC463E5}.Debug|Any CPU.Build.0 = Debug|Any CPU
		{20728B16-5052-47FA-BDAD-99F36FC463E5}.Debug|x64.ActiveCfg = Debug|Any CPU
		{20728B16-5052-47FA-BDAD-99F36FC463E5}.Debug|x64.Build.0 = Debug|Any CPU
		{20728B16-5052-47FA-BDAD-99F36FC463E5}.Debug|x86.ActiveCfg = Debug|Any CPU
		{20728B16-5052-47FA-BDAD-99F36FC463E5}.Debug|x86.Build.0 = Debug|Any CPU
		{20728B16-5052-47FA-BDAD-99F36FC463E5}.Release|Any CPU.ActiveCfg = Release|Any CPU
		{20728B16-5052-47FA-BDAD-99F36FC463E5}.Release|Any CPU.Build.0 = Release|Any CPU
		{20728B16-5052-47FA-BDAD-99F36FC463E5}.Release|x64.ActiveCfg = Release|Any CPU
		{20728B16-5052-47FA-BDAD-99F36FC463E5}.Release|x64.Build.0 = Release|Any CPU
		{20728B16-5052-47FA-BDAD-99F36FC463E5}.Release|x86.ActiveCfg = Release|Any CPU
		{20728B16-5052-47FA-BDAD-99F36FC463E5}.Release|x86.Build.0 = Release|Any CPU
		{C43E281B-E676-49C4-92B8-0DCCE3CD14D5}.Debug|Any CPU.ActiveCfg = Debug|Any CPU
		{C43E281B-E676-49C4-92B8-0DCCE3CD14D5}.Debug|Any CPU.Build.0 = Debug|Any CPU
		{C43E281B-E676-49C4-92B8-0DCCE3CD14D5}.Debug|x64.ActiveCfg = Debug|Any CPU
		{C43E281B-E676-49C4-92B8-0DCCE3CD14D5}.Debug|x64.Build.0 = Debug|Any CPU
		{C43E281B-E676-49C4-92B8-0DCCE3CD14D5}.Debug|x86.ActiveCfg = Debug|Any CPU
		{C43E281B-E676-49C4-92B8-0DCCE3CD14D5}.Debug|x86.Build.0 = Debug|Any CPU
		{C43E281B-E676-49C4-92B8-0DCCE3CD14D5}.Release|Any CPU.ActiveCfg = Release|Any CPU
		{C43E281B-E676-49C4-92B8-0DCCE3CD14D5}.Release|Any CPU.Build.0 = Release|Any CPU
		{C43E281B-E676-49C4-92B8-0DCCE3CD14D5}.Release|x64.ActiveCfg = Release|Any CPU
		{C43E281B-E676-49C4-92B8-0DCCE3CD14D5}.Release|x64.Build.0 = Release|Any CPU
		{C43E281B-E676-49C4-92B8-0DCCE3CD14D5}.Release|x86.ActiveCfg = Release|Any CPU
		{C43E281B-E676-49C4-92B8-0DCCE3CD14D5}.Release|x86.Build.0 = Release|Any CPU
	EndGlobalSection
EndGlobal
